// !$*UTF8*$!
{
	archiveVersion = 1;
	classes = {
	};
	objectVersion = 77;
	objects = {

/* Begin PBXContainerItemProxy section */
		EF904CC02E8F2586004D2BC1 /* PBXContainerItemProxy */ = {
			isa = PBXContainerItemProxy;
			containerPortal = EF904C9E2E8F2585004D2BC1 /* Project object */;
			proxyType = 1;
			remoteGlobalIDString = EF904CA52E8F2585004D2BC1;
			remoteInfo = "corgi jeopardy";
		};
		EF904CCA2E8F2586004D2BC1 /* PBXContainerItemProxy */ = {
			isa = PBXContainerItemProxy;
			containerPortal = EF904C9E2E8F2585004D2BC1 /* Project object */;
			proxyType = 1;
			remoteGlobalIDString = EF904CA52E8F2585004D2BC1;
			remoteInfo = "corgi jeopardy";
		};
/* End PBXContainerItemProxy section */

/* Begin PBXFileReference section */
		EF904CA62E8F2585004D2BC1 /* corgi jeopardy.app */ = {isa = PBXFileReference; explicitFileType = wrapper.application; includeInIndex = 0; path = "corgi jeopardy.app"; sourceTree = BUILT_PRODUCTS_DIR; };
		EF904CBF2E8F2586004D2BC1 /* corgi jeopardyTests.xctest */ = {isa = PBXFileReference; explicitFileType = wrapper.cfbundle; includeInIndex = 0; path = "corgi jeopardyTests.xctest"; sourceTree = BUILT_PRODUCTS_DIR; };
		EF904CC92E8F2586004D2BC1 /* corgi jeopardyUITests.xctest */ = {isa = PBXFileReference; explicitFileType = wrapper.cfbundle; includeInIndex = 0; path = "corgi jeopardyUITests.xctest"; sourceTree = BUILT_PRODUCTS_DIR; };
/* End PBXFileReference section */

/* Begin PBXFileSystemSynchronizedRootGroup section */
		EF904CA82E8F2585004D2BC1 /* corgi jeopardy */ = {
			isa = PBXFileSystemSynchronizedRootGroup;
			path = "corgi jeopardy";
			sourceTree = "<group>";
		};
		EF904CC22E8F2586004D2BC1 /* corgi jeopardyTests */ = {
			isa = PBXFileSystemSynchronizedRootGroup;
			path = "corgi jeopardyTests";
			sourceTree = "<group>";
		};
		EF904CCC2E8F2586004D2BC1 /* corgi jeopardyUITests */ = {
			isa = PBXFileSystemSynchronizedRootGroup;
			path = "corgi jeopardyUITests";
			sourceTree = "<group>";
		};
/* End PBXFileSystemSynchronizedRootGroup section */

/* Begin PBXFrameworksBuildPhase section */
		EF904CA32E8F2585004D2BC1 /* Frameworks */ = {
			isa = PBXFrameworksBuildPhase;
			buildActionMask = 2147483647;
			files = (
			);
			runOnlyForDeploymentPostprocessing = 0;
		};
		EF904CBC2E8F2586004D2BC1 /* Frameworks */ = {
			isa = PBXFrameworksBuildPhase;
			buildActionMask = 2147483647;
			files = (
			);
			runOnlyForDeploymentPostprocessing = 0;
		};
		EF904CC62E8F2586004D2BC1 /* Frameworks */ = {
			isa = PBXFrameworksBuildPhase;
			buildActionMask = 2147483647;
			files = (
			);
			runOnlyForDeploymentPostprocessing = 0;
		};
/* End PBXFrameworksBuildPhase section */

/* Begin PBXGroup section */
		EF904C9D2E8F2585004D2BC1 = {
			isa = PBXGroup;
			children = (
				EF904CA82E8F2585004D2BC1 /* corgi jeopardy */,
				EF904CC22E8F2586004D2BC1 /* corgi jeopardyTests */,
				EF904CCC2E8F2586004D2BC1 /* corgi jeopardyUITests */,
				EF904CA72E8F2585004D2BC1 /* Products */,
			);
			sourceTree = "<group>";
		};
		EF904CA72E8F2585004D2BC1 /* Products */ = {
			isa = PBXGroup;
			children = (
				EF904CA62E8F2585004D2BC1 /* corgi jeopardy.app */,
				EF904CBF2E8F2586004D2BC1 /* corgi jeopardyTests.xctest */,
				EF904CC92E8F2586004D2BC1 /* corgi jeopardyUITests.xctest */,
			);
			name = Products;
			sourceTree = "<group>";
		};
/* End PBXGroup section */

/* Begin PBXNativeTarget section */
		EF904CA52E8F2585004D2BC1 /* corgi jeopardy */ = {
			isa = PBXNativeTarget;
			buildConfigurationList = EF904CD32E8F2586004D2BC1 /* Build configuration list for PBXNativeTarget "corgi jeopardy" */;
			buildPhases = (
				EF904CA22E8F2585004D2BC1 /* Sources */,
				EF904CA32E8F2585004D2BC1 /* Frameworks */,
				EF904CA42E8F2585004D2BC1 /* Resources */,
			);
			buildRules = (
			);
			dependencies = (
			);
			fileSystemSynchronizedGroups = (
				EF904CA82E8F2585004D2BC1 /* corgi jeopardy */,
			);
			name = "corgi jeopardy";
			packageProductDependencies = (
			);
			productName = "corgi jeopardy";
			productReference = EF904CA62E8F2585004D2BC1 /* corgi jeopardy.app */;
			productType = "com.apple.product-type.application";
		};
		EF904CBE2E8F2586004D2BC1 /* corgi jeopardyTests */ = {
			isa = PBXNativeTarget;
			buildConfigurationList = EF904CD62E8F2586004D2BC1 /* Build configuration list for PBXNativeTarget "corgi jeopardyTests" */;
			buildPhases = (
				EF904CBB2E8F2586004D2BC1 /* Sources */,
				EF904CBC2E8F2586004D2BC1 /* Frameworks */,
				EF904CBD2E8F2586004D2BC1 /* Resources */,
			);
			buildRules = (
			);
			dependencies = (
				EF904CC12E8F2586004D2BC1 /* PBXTargetDependency */,
			);
			fileSystemSynchronizedGroups = (
				EF904CC22E8F2586004D2BC1 /* corgi jeopardyTests */,
			);
			name = "corgi jeopardyTests";
			packageProductDependencies = (
			);
			productName = "corgi jeopardyTests";
			productReference = EF904CBF2E8F2586004D2BC1 /* corgi jeopardyTests.xctest */;
			productType = "com.apple.product-type.bundle.unit-test";
		};
		EF904CC82E8F2586004D2BC1 /* corgi jeopardyUITests */ = {
			isa = PBXNativeTarget;
			buildConfigurationList = EF904CD92E8F2586004D2BC1 /* Build configuration list for PBXNativeTarget "corgi jeopardyUITests" */;
			buildPhases = (
				EF904CC52E8F2586004D2BC1 /* Sources */,
				EF904CC62E8F2586004D2BC1 /* Frameworks */,
				EF904CC72E8F2586004D2BC1 /* Resources */,
			);
			buildRules = (
			);
			dependencies = (
				EF904CCB2E8F2586004D2BC1 /* PBXTargetDependency */,
			);
			fileSystemSynchronizedGroups = (
				EF904CCC2E8F2586004D2BC1 /* corgi jeopardyUITests */,
			);
			name = "corgi jeopardyUITests";
			packageProductDependencies = (
			);
			productName = "corgi jeopardyUITests";
			productReference = EF904CC92E8F2586004D2BC1 /* corgi jeopardyUITests.xctest */;
			productType = "com.apple.product-type.bundle.ui-testing";
		};
/* End PBXNativeTarget section */

/* Begin PBXProject section */
		EF904C9E2E8F2585004D2BC1 /* Project object */ = {
			isa = PBXProject;
			attributes = {
				BuildIndependentTargetsInParallel = 1;
				LastSwiftUpdateCheck = 2600;
				LastUpgradeCheck = 2600;
				TargetAttributes = {
					EF904CA52E8F2585004D2BC1 = {
						CreatedOnToolsVersion = 26.0.1;
					};
					EF904CBE2E8F2586004D2BC1 = {
						CreatedOnToolsVersion = 26.0.1;
						TestTargetID = EF904CA52E8F2585004D2BC1;
					};
					EF904CC82E8F2586004D2BC1 = {
						CreatedOnToolsVersion = 26.0.1;
						TestTargetID = EF904CA52E8F2585004D2BC1;
					};
				};
			};
			buildConfigurationList = EF904CA12E8F2585004D2BC1 /* Build configuration list for PBXProject "corgi jeopardy" */;
			developmentRegion = en;
			hasScannedForEncodings = 0;
			knownRegions = (
				en,
				Base,
			);
			mainGroup = EF904C9D2E8F2585004D2BC1;
			minimizedProjectReferenceProxies = 1;
			preferredProjectObjectVersion = 77;
			productRefGroup = EF904CA72E8F2585004D2BC1 /* Products */;
			projectDirPath = "";
			projectRoot = "";
			targets = (
				EF904CA52E8F2585004D2BC1 /* corgi jeopardy */,
				EF904CBE2E8F2586004D2BC1 /* corgi jeopardyTests */,
				EF904CC82E8F2586004D2BC1 /* corgi jeopardyUITests */,
			);
		};
/* End PBXProject section */

/* Begin PBXResourcesBuildPhase section */
		EF904CA42E8F2585004D2BC1 /* Resources */ = {
			isa = PBXResourcesBuildPhase;
			buildActionMask = 2147483647;
			files = (
			);
			runOnlyForDeploymentPostprocessing = 0;
		};
		EF904CBD2E8F2586004D2BC1 /* Resources */ = {
			isa = PBXResourcesBuildPhase;
			buildActionMask = 2147483647;
			files = (
			);
			runOnlyForDeploymentPostprocessing = 0;
		};
		EF904CC72E8F2586004D2BC1 /* Resources */ = {
			isa = PBXResourcesBuildPhase;
			buildActionMask = 2147483647;
			files = (
			);
			runOnlyForDeploymentPostprocessing = 0;
		};
/* End PBXResourcesBuildPhase section */

/* Begin PBXSourcesBuildPhase section */
		EF904CA22E8F2585004D2BC1 /* Sources */ = {
			isa = PBXSourcesBuildPhase;
			buildActionMask = 2147483647;
			files = (
			);
			runOnlyForDeploymentPostprocessing = 0;
		};
		EF904CBB2E8F2586004D2BC1 /* Sources */ = {
			isa = PBXSourcesBuildPhase;
			buildActionMask = 2147483647;
			files = (
			);
			runOnlyForDeploymentPostprocessing = 0;
		};
		EF904CC52E8F2586004D2BC1 /* Sources */ = {
			isa = PBXSourcesBuildPhase;
			buildActionMask = 2147483647;
			files = (
			);
			runOnlyForDeploymentPostprocessing = 0;
		};
/* End PBXSourcesBuildPhase section */

/* Begin PBXTargetDependency section */
		EF904CC12E8F2586004D2BC1 /* PBXTargetDependency */ = {
			isa = PBXTargetDependency;
			target = EF904CA52E8F2585004D2BC1 /* corgi jeopardy */;
			targetProxy = EF904CC02E8F2586004D2BC1 /* PBXContainerItemProxy */;
		};
		EF904CCB2E8F2586004D2BC1 /* PBXTargetDependency */ = {
			isa = PBXTargetDependency;
			target = EF904CA52E8F2585004D2BC1 /* corgi jeopardy */;
			targetProxy = EF904CCA2E8F2586004D2BC1 /* PBXContainerItemProxy */;
		};
/* End PBXTargetDependency section */

/* Begin XCBuildConfiguration section */
		EF904CD12E8F2586004D2BC1 /* Debug */ = {
			isa = XCBuildConfiguration;
			buildSettings = {
				ALWAYS_SEARCH_USER_PATHS = NO;
				ASSETCATALOG_COMPILER_GENERATE_SWIFT_ASSET_SYMBOL_EXTENSIONS = YES;
				CLANG_ANALYZER_NONNULL = YES;
				CLANG_ANALYZER_NUMBER_OBJECT_CONVERSION = YES_AGGRESSIVE;
				CLANG_CXX_LANGUAGE_STANDARD = "gnu++20";
				CLANG_ENABLE_MODULES = YES;
				CLANG_ENABLE_OBJC_ARC = YES;
				CLANG_ENABLE_OBJC_WEAK = YES;
				CLANG_WARN_BLOCK_CAPTURE_AUTORELEASING = YES;
				CLANG_WARN_BOOL_CONVERSION = YES;
				CLANG_WARN_COMMA = YES;
				CLANG_WARN_CONSTANT_CONVERSION = YES;
				CLANG_WARN_DEPRECATED_OBJC_IMPLEMENTATIONS = YES;
				CLANG_WARN_DIRECT_OBJC_ISA_USAGE = YES_ERROR;
				CLANG_WARN_DOCUMENTATION_COMMENTS = YES;
				CLANG_WARN_EMPTY_BODY = YES;
				CLANG_WARN_ENUM_CONVERSION = YES;
				CLANG_WARN_INFINITE_RECURSION = YES;
				CLANG_WARN_INT_CONVERSION = YES;
				CLANG_WARN_NON_LITERAL_NULL_CONVERSION = YES;
				CLANG_WARN_OBJC_IMPLICIT_RETAIN_SELF = YES;
				CLANG_WARN_OBJC_LITERAL_CONVERSION = YES;
				CLANG_WARN_OBJC_ROOT_CLASS = YES_ERROR;
				CLANG_WARN_QUOTED_INCLUDE_IN_FRAMEWORK_HEADER = YES;
				CLANG_WARN_RANGE_LOOP_ANALYSIS = YES;
				CLANG_WARN_STRICT_PROTOTYPES = YES;
				CLANG_WARN_SUSPICIOUS_MOVE = YES;
				CLANG_WARN_UNGUARDED_AVAILABILITY = YES_AGGRESSIVE;
				CLANG_WARN_UNREACHABLE_CODE = YES;
				CLANG_WARN__DUPLICATE_METHOD_MATCH = YES;
				COPY_PHASE_STRIP = NO;
				DEBUG_INFORMATION_FORMAT = dwarf;
				DEVELOPMENT_TEAM = GV49AHY2S2;
				ENABLE_STRICT_OBJC_MSGSEND = YES;
				ENABLE_TESTABILITY = YES;
				ENABLE_USER_SCRIPT_SANDBOXING = YES;
				GCC_C_LANGUAGE_STANDARD = gnu17;
				GCC_DYNAMIC_NO_PIC = NO;
				GCC_NO_COMMON_BLOCKS = YES;
				GCC_OPTIMIZATION_LEVEL = 0;
				GCC_PREPROCESSOR_DEFINITIONS = (
					"DEBUG=1",
					"$(inherited)",
				);
				GCC_WARN_64_TO_32_BIT_CONVERSION = YES;
				GCC_WARN_ABOUT_RETURN_TYPE = YES_ERROR;
				GCC_WARN_UNDECLARED_SELECTOR = YES;
				GCC_WARN_UNINITIALIZED_AUTOS = YES_AGGRESSIVE;
				GCC_WARN_UNUSED_FUNCTION = YES;
				GCC_WARN_UNUSED_VARIABLE = YES;
				IPHONEOS_DEPLOYMENT_TARGET = 26.0;
				LOCALIZATION_PREFERS_STRING_CATALOGS = YES;
				MTL_ENABLE_DEBUG_INFO = INCLUDE_SOURCE;
				MTL_FAST_MATH = YES;
				ONLY_ACTIVE_ARCH = YES;
				SDKROOT = iphoneos;
				SWIFT_ACTIVE_COMPILATION_CONDITIONS = "DEBUG $(inherited)";
				SWIFT_OPTIMIZATION_LEVEL = "-Onone";
			};
			name = Debug;
		};
		EF904CD22E8F2586004D2BC1 /* Release */ = {
			isa = XCBuildConfiguration;
			buildSettings = {
				ALWAYS_SEARCH_USER_PATHS = NO;
				ASSETCATALOG_COMPILER_GENERATE_SWIFT_ASSET_SYMBOL_EXTENSIONS = YES;
				CLANG_ANALYZER_NONNULL = YES;
				CLANG_ANALYZER_NUMBER_OBJECT_CONVERSION = YES_AGGRESSIVE;
				CLANG_CXX_LANGUAGE_STANDARD = "gnu++20";
				CLANG_ENABLE_MODULES = YES;
				CLANG_ENABLE_OBJC_ARC = YES;
				CLANG_ENABLE_OBJC_WEAK = YES;
				CLANG_WARN_BLOCK_CAPTURE_AUTORELEASING = YES;
				CLANG_WARN_BOOL_CONVERSION = YES;
				CLANG_WARN_COMMA = YES;
				CLANG_WARN_CONSTANT_CONVERSION = YES;
				CLANG_WARN_DEPRECATED_OBJC_IMPLEMENTATIONS = YES;
				CLANG_WARN_DIRECT_OBJC_ISA_USAGE = YES_ERROR;
				CLANG_WARN_DOCUMENTATION_COMMENTS = YES;
				CLANG_WARN_EMPTY_BODY = YES;
				CLANG_WARN_ENUM_CONVERSION = YES;
				CLANG_WARN_INFINITE_RECURSION = YES;
				CLANG_WARN_INT_CONVERSION = YES;
				CLANG_WARN_NON_LITERAL_NULL_CONVERSION = YES;
				CLANG_WARN_OBJC_IMPLICIT_RETAIN_SELF = YES;
				CLANG_WARN_OBJC_LITERAL_CONVERSION = YES;
				CLANG_WARN_OBJC_ROOT_CLASS = YES_ERROR;
				CLANG_WARN_QUOTED_INCLUDE_IN_FRAMEWORK_HEADER = YES;
				CLANG_WARN_RANGE_LOOP_ANALYSIS = YES;
				CLANG_WARN_STRICT_PROTOTYPES = YES;
				CLANG_WARN_SUSPICIOUS_MOVE = YES;
				CLANG_WARN_UNGUARDED_AVAILABILITY = YES_AGGRESSIVE;
				CLANG_WARN_UNREACHABLE_CODE = YES;
				CLANG_WARN__DUPLICATE_METHOD_MATCH = YES;
				COPY_PHASE_STRIP = NO;
				DEBUG_INFORMATION_FORMAT = "dwarf-with-dsym";
				DEVELOPMENT_TEAM = GV49AHY2S2;
				ENABLE_NS_ASSERTIONS = NO;
				ENABLE_STRICT_OBJC_MSGSEND = YES;
				ENABLE_USER_SCRIPT_SANDBOXING = YES;
				GCC_C_LANGUAGE_STANDARD = gnu17;
				GCC_NO_COMMON_BLOCKS = YES;
				GCC_WARN_64_TO_32_BIT_CONVERSION = YES;
				GCC_WARN_ABOUT_RETURN_TYPE = YES_ERROR;
				GCC_WARN_UNDECLARED_SELECTOR = YES;
				GCC_WARN_UNINITIALIZED_AUTOS = YES_AGGRESSIVE;
				GCC_WARN_UNUSED_FUNCTION = YES;
				GCC_WARN_UNUSED_VARIABLE = YES;
				IPHONEOS_DEPLOYMENT_TARGET = 26.0;
				LOCALIZATION_PREFERS_STRING_CATALOGS = YES;
				MTL_ENABLE_DEBUG_INFO = NO;
				MTL_FAST_MATH = YES;
				SDKROOT = iphoneos;
				SWIFT_COMPILATION_MODE = wholemodule;
				VALIDATE_PRODUCT = YES;
			};
			name = Release;
		};
		EF904CD42E8F2586004D2BC1 /* Debug */ = {
			isa = XCBuildConfiguration;
			buildSettings = {
				ASSETCATALOG_COMPILER_APPICON_NAME = AppIcon;
				ASSETCATALOG_COMPILER_GLOBAL_ACCENT_COLOR_NAME = AccentColor;
				CODE_SIGN_STYLE = Automatic;
				CURRENT_PROJECT_VERSION = 1;
				DEVELOPMENT_TEAM = GV49AHY2S2;
				GENERATE_INFOPLIST_FILE = YES;
				INFOPLIST_KEY_UIApplicationSupportsIndirectInputEvents = YES;
				INFOPLIST_KEY_UILaunchStoryboardName = LaunchScreen;
				INFOPLIST_KEY_UIMainStoryboardFile = Main;
				INFOPLIST_KEY_UIStatusBarHidden = YES;
				INFOPLIST_KEY_UISupportedInterfaceOrientations_iPad = "UIInterfaceOrientationPortrait UIInterfaceOrientationPortraitUpsideDown UIInterfaceOrientationLandscapeLeft UIInterfaceOrientationLandscapeRight";
				INFOPLIST_KEY_UISupportedInterfaceOrientations_iPhone = "UIInterfaceOrientationPortrait UIInterfaceOrientationLandscapeLeft UIInterfaceOrientationLandscapeRight";
				LD_RUNPATH_SEARCH_PATHS = (
					"$(inherited)",
					"@executable_path/Frameworks",
				);
				MARKETING_VERSION = 1.0;
				PRODUCT_BUNDLE_IDENTIFIER = "com.clem.corgi-jeopardy";
				PRODUCT_NAME = "$(TARGET_NAME)";
				STRING_CATALOG_GENERATE_SYMBOLS = YES;
				SWIFT_APPROACHABLE_CONCURRENCY = YES;
				SWIFT_DEFAULT_ACTOR_ISOLATION = MainActor;
				SWIFT_EMIT_LOC_STRINGS = YES;
				SWIFT_UPCOMING_FEATURE_MEMBER_IMPORT_VISIBILITY = YES;
				SWIFT_VERSION = 5.0;
				TARGETED_DEVICE_FAMILY = "1,2";
			};
			name = Debug;
		};
		EF904CD52E8F2586004D2BC1 /* Release */ = {
			isa = XCBuildConfiguration;
			buildSettings = {
				ASSETCATALOG_COMPILER_APPICON_NAME = AppIcon;
				ASSETCATALOG_COMPILER_GLOBAL_ACCENT_COLOR_NAME = AccentColor;
				CODE_SIGN_STYLE = Automatic;
				CURRENT_PROJECT_VERSION = 1;
				DEVELOPMENT_TEAM = GV49AHY2S2;
				GENERATE_INFOPLIST_FILE = YES;
				INFOPLIST_KEY_UIApplicationSupportsIndirectInputEvents = YES;
				INFOPLIST_KEY_UILaunchStoryboardName = LaunchScreen;
				INFOPLIST_KEY_UIMainStoryboardFile = Main;
				INFOPLIST_KEY_UIStatusBarHidden = YES;
				INFOPLIST_KEY_UISupportedInterfaceOrientations_iPad = "UIInterfaceOrientationPortrait UIInterfaceOrientationPortraitUpsideDown UIInterfaceOrientationLandscapeLeft UIInterfaceOrientationLandscapeRight";
				INFOPLIST_KEY_UISupportedInterfaceOrientations_iPhone = "UIInterfaceOrientationPortrait UIInterfaceOrientationLandscapeLeft UIInterfaceOrientationLandscapeRight";
				LD_RUNPATH_SEARCH_PATHS = (
					"$(inherited)",
					"@executable_path/Frameworks",
				);
				MARKETING_VERSION = 1.0;
				PRODUCT_BUNDLE_IDENTIFIER = "com.clem.corgi-jeopardy";
				PRODUCT_NAME = "$(TARGET_NAME)";
				STRING_CATALOG_GENERATE_SYMBOLS = YES;
				SWIFT_APPROACHABLE_CONCURRENCY = YES;
				SWIFT_DEFAULT_ACTOR_ISOLATION = MainActor;
				SWIFT_EMIT_LOC_STRINGS = YES;
				SWIFT_UPCOMING_FEATURE_MEMBER_IMPORT_VISIBILITY = YES;
				SWIFT_VERSION = 5.0;
				TARGETED_DEVICE_FAMILY = "1,2";
			};
			name = Release;
		};
		EF904CD72E8F2586004D2BC1 /* Debug */ = {
			isa = XCBuildConfiguration;
			buildSettings = {
				BUNDLE_LOADER = "$(TEST_HOST)";
				CODE_SIGN_STYLE = Automatic;
				CURRENT_PROJECT_VERSION = 1;
				DEVELOPMENT_TEAM = GV49AHY2S2;
				GENERATE_INFOPLIST_FILE = YES;
				IPHONEOS_DEPLOYMENT_TARGET = 26.0;
				MARKETING_VERSION = 1.0;
				PRODUCT_BUNDLE_IDENTIFIER = "com.clem.corgi-jeopardyTests";
				PRODUCT_NAME = "$(TARGET_NAME)";
				STRING_CATALOG_GENERATE_SYMBOLS = NO;
				SWIFT_APPROACHABLE_CONCURRENCY = YES;
				SWIFT_EMIT_LOC_STRINGS = NO;
				SWIFT_UPCOMING_FEATURE_MEMBER_IMPORT_VISIBILITY = YES;
				SWIFT_VERSION = 5.0;
				TARGETED_DEVICE_FAMILY = "1,2";
				TEST_HOST = "$(BUILT_PRODUCTS_DIR)/corgi jeopardy.app/$(BUNDLE_EXECUTABLE_FOLDER_PATH)/corgi jeopardy";
			};
			name = Debug;
		};
		EF904CD82E8F2586004D2BC1 /* Release */ = {
			isa = XCBuildConfiguration;
			buildSettings = {
				BUNDLE_LOADER = "$(TEST_HOST)";
				CODE_SIGN_STYLE = Automatic;
				CURRENT_PROJECT_VERSION = 1;
				DEVELOPMENT_TEAM = GV49AHY2S2;
				GENERATE_INFOPLIST_FILE = YES;
				IPHONEOS_DEPLOYMENT_TARGET = 26.0;
				MARKETING_VERSION = 1.0;
				PRODUCT_BUNDLE_IDENTIFIER = "com.clem.corgi-jeopardyTests";
				PRODUCT_NAME = "$(TARGET_NAME)";
				STRING_CATALOG_GENERATE_SYMBOLS = NO;
				SWIFT_APPROACHABLE_CONCURRENCY = YES;
				SWIFT_EMIT_LOC_STRINGS = NO;
				SWIFT_UPCOMING_FEATURE_MEMBER_IMPORT_VISIBILITY = YES;
				SWIFT_VERSION = 5.0;
				TARGETED_DEVICE_FAMILY = "1,2";
				TEST_HOST = "$(BUILT_PRODUCTS_DIR)/corgi jeopardy.app/$(BUNDLE_EXECUTABLE_FOLDER_PATH)/corgi jeopardy";
			};
			name = Release;
		};
		EF904CDA2E8F2586004D2BC1 /* Debug */ = {
			isa = XCBuildConfiguration;
			buildSettings = {
				CODE_SIGN_STYLE = Automatic;
				CURRENT_PROJECT_VERSION = 1;
				DEVELOPMENT_TEAM = GV49AHY2S2;
				GENERATE_INFOPLIST_FILE = YES;
				MARKETING_VERSION = 1.0;
				PRODUCT_BUNDLE_IDENTIFIER = "com.clem.corgi-jeopardyUITests";
				PRODUCT_NAME = "$(TARGET_NAME)";
				STRING_CATALOG_GENERATE_SYMBOLS = NO;
				SWIFT_APPROACHABLE_CONCURRENCY = YES;
				SWIFT_EMIT_LOC_STRINGS = NO;
				SWIFT_UPCOMING_FEATURE_MEMBER_IMPORT_VISIBILITY = YES;
				SWIFT_VERSION = 5.0;
				TARGETED_DEVICE_FAMILY = "1,2";
				TEST_TARGET_NAME = "corgi jeopardy";
			};
			name = Debug;
		};
		EF904CDB2E8F2586004D2BC1 /* Release */ = {
			isa = XCBuildConfiguration;
			buildSettings = {
				CODE_SIGN_STYLE = Automatic;
				CURRENT_PROJECT_VERSION = 1;
				DEVELOPMENT_TEAM = GV49AHY2S2;
				GENERATE_INFOPLIST_FILE = YES;
				MARKETING_VERSION = 1.0;
				PRODUCT_BUNDLE_IDENTIFIER = "com.clem.corgi-jeopardyUITests";
				PRODUCT_NAME = "$(TARGET_NAME)";
				STRING_CATALOG_GENERATE_SYMBOLS = NO;
				SWIFT_APPROACHABLE_CONCURRENCY = YES;
				SWIFT_EMIT_LOC_STRINGS = NO;
				SWIFT_UPCOMING_FEATURE_MEMBER_IMPORT_VISIBILITY = YES;
				SWIFT_VERSION = 5.0;
				TARGETED_DEVICE_FAMILY = "1,2";
				TEST_TARGET_NAME = "corgi jeopardy";
			};
			name = Release;
		};
/* End XCBuildConfiguration section */

/* Begin XCConfigurationList section */
		EF904CA12E8F2585004D2BC1 /* Build configuration list for PBXProject "corgi jeopardy" */ = {
			isa = XCConfigurationList;
			buildConfigurations = (
				EF904CD12E8F2586004D2BC1 /* Debug */,
				EF904CD22E8F2586004D2BC1 /* Release */,
			);
			defaultConfigurationIsVisible = 0;
			defaultConfigurationName = Release;
		};
		EF904CD32E8F2586004D2BC1 /* Build configuration list for PBXNativeTarget "corgi jeopardy" */ = {
			isa = XCConfigurationList;
			buildConfigurations = (
				EF904CD42E8F2586004D2BC1 /* Debug */,
				EF904CD52E8F2586004D2BC1 /* Release */,
			);
			defaultConfigurationIsVisible = 0;
			defaultConfigurationName = Release;
		};
		EF904CD62E8F2586004D2BC1 /* Build configuration list for PBXNativeTarget "corgi jeopardyTests" */ = {
			isa = XCConfigurationList;
			buildConfigurations = (
				EF904CD72E8F2586004D2BC1 /* Debug */,
				EF904CD82E8F2586004D2BC1 /* Release */,
			);
			defaultConfigurationIsVisible = 0;
			defaultConfigurationName = Release;
		};
		EF904CD92E8F2586004D2BC1 /* Build configuration list for PBXNativeTarget "corgi jeopardyUITests" */ = {
			isa = XCConfigurationList;
			buildConfigurations = (
				EF904CDA2E8F2586004D2BC1 /* Debug */,
				EF904CDB2E8F2586004D2BC1 /* Release */,
			);
			defaultConfigurationIsVisible = 0;
			defaultConfigurationName = Release;
		};
/* End XCConfigurationList section */
	};
	rootObject = EF904C9E2E8F2585004D2BC1 /* Project object */;
}
